PODS:
  - Flutter (1.0.0)
  - flutter_uae_pass (0.0.1):
    - Flutter

DEPENDENCIES:
  - Flutter (from `Flutter`)
  - flutter_uae_pass (from `.symlinks/plugins/flutter_uae_pass/ios`)

EXTERNAL SOURCES:
  Flutter:
    :path: Flutter
  flutter_uae_pass:
    :path: ".symlinks/plugins/flutter_uae_pass/ios"

SPEC CHECKSUMS:
  Flutter: 71a624a5bc0c04062bf19101d501e466baf2fb47
  flutter_uae_pass: db367236737259b4a38ac9fcd3fc6878713b25f6

PODFILE CHECKSUM: 88001a6f63fedf7dfbfdf4ee0c335d29da93cbc0

COCOAPODS: 1.16.2
